
Microsoft Visual Studio Solution File, Format Version 12.00
# Visual Studio 14
VisualStudioVersion = 14.0.25420.1
MinimumVisualStudioVersion = 10.0.40219.1
Project("{FAE04EC0-301F-11D3-BF4B-00C04F79EFBC}") = "CanoePoloLeagueOrganiser", "CanoePoloLeagueOrganiser\CanoePoloLeagueOrganiser.csproj", "{6F5F087D-DFC8-4294-80C4-0D7A62A32922}"
EndProject
Project("{FAE04EC0-301F-11D3-BF4B-00C04F79EFBC}") = "CanoePoloLeagueOrganiserTests", "CanoePoloLeagueOrganiserTests\CanoePoloLeagueOrganiserTests.csproj", "{D75A4522-F730-4AFD-9ABE-AA1A6239710B}"
EndProject
Global
	GlobalSection(SolutionConfigurationPlatforms) = preSolution
		Debug|Any CPU = Debug|Any CPU
		Release|Any CPU = Release|Any CPU
	EndGlobalSection
	GlobalSection(ProjectConfigurationPlatforms) = postSolution
		{6F5F087D-DFC8-4294-80C4-0D7A62A32922}.Debug|Any CPU.ActiveCfg = Debug|Any CPU
		{6F5F087D-DFC8-4294-80C4-0D7A62A32922}.Debug|Any CPU.Build.0 = Debug|Any CPU
		{6F5F087D-DFC8-4294-80C4-0D7A62A32922}.Release|Any CPU.ActiveCfg = Release|Any CPU
		{6F5F087D-DFC8-4294-80C4-0D7A62A32922}.Release|Any CPU.Build.0 = Release|Any CPU
		{D75A4522-F730-4AFD-9ABE-AA1A6239710B}.Debug|Any CPU.ActiveCfg = Debug|Any CPU
		{D75A4522-F730-4AFD-9ABE-AA1A6239710B}.Debug|Any CPU.Build.0 = Debug|Any CPU
		{D75A4522-F730-4AFD-9ABE-AA1A6239710B}.Release|Any CPU.ActiveCfg = Release|Any CPU
		{D75A4522-F730-4AFD-9ABE-AA1A6239710B}.Release|Any CPU.Build.0 = Release|Any CPU
	EndGlobalSection
	GlobalSection(SolutionProperties) = preSolution
		HideSolutionNode = FALSE
	EndGlobalSection
EndGlobal
